
Microsoft Visual Studio Solution File, Format Version 12.00
# Visual Studio Version 17
VisualStudioVersion = 17.2.32616.157
MinimumVisualStudioVersion = 10.0.40219.1
Project("{FAE04EC0-301F-11D3-BF4B-00C04F79EFBC}") = "AESEncrypt", "Shelloader\AESEncrypt.csproj", "{61C29BE7-3ED2-4311-B67A-D5A8DEADB79E}"
EndProject
Project("{FAE04EC0-301F-11D3-BF4B-00C04F79EFBC}") = "AESinjecter", "AESinjecter\AESinjecter.csproj", "{B9769CAC-C23E-4400-8FBF-917BA36B4D13}"
EndProject
Global
	GlobalSection(SolutionConfigurationPlatforms) = preSolution
		Debug|Any CPU = Debug|Any CPU
		Debug|x64 = Debug|x64
		Release|Any CPU = Release|Any CPU
		Release|x64 = Release|x64
	EndGlobalSection
	GlobalSection(ProjectConfigurationPlatforms) = postSolution
		{61C29BE7-3ED2-4311-B67A-D5A8DEADB79E}.Debug|Any CPU.ActiveCfg = Debug|Any CPU
		{61C29BE7-3ED2-4311-B67A-D5A8DEADB79E}.Debug|Any CPU.Build.0 = Debug|Any CPU
		{61C29BE7-3ED2-4311-B67A-D5A8DEADB79E}.Debug|x64.ActiveCfg = Debug|Any CPU
		{61C29BE7-3ED2-4311-B67A-D5A8DEADB79E}.Debug|x64.Build.0 = Debug|Any CPU
		{61C29BE7-3ED2-4311-B67A-D5A8DEADB79E}.Release|Any CPU.ActiveCfg = Release|Any CPU
		{61C29BE7-3ED2-4311-B67A-D5A8DEADB79E}.Release|Any CPU.Build.0 = Release|Any CPU
		{61C29BE7-3ED2-4311-B67A-D5A8DEADB79E}.Release|x64.ActiveCfg = Release|Any CPU
		{61C29BE7-3ED2-4311-B67A-D5A8DEADB79E}.Release|x64.Build.0 = Release|Any CPU
		{B9769CAC-C23E-4400-8FBF-917BA36B4D13}.Debug|Any CPU.ActiveCfg = Debug|Any CPU
		{B9769CAC-C23E-4400-8FBF-917BA36B4D13}.Debug|Any CPU.Build.0 = Debug|Any CPU
		{B9769CAC-C23E-4400-8FBF-917BA36B4D13}.Debug|x64.ActiveCfg = Debug|x64
		{B9769CAC-C23E-4400-8FBF-917BA36B4D13}.Debug|x64.Build.0 = Debug|x64
		{B9769CAC-C23E-4400-8FBF-917BA36B4D13}.Release|Any CPU.ActiveCfg = Release|Any CPU
		{B9769CAC-C23E-4400-8FBF-917BA36B4D13}.Release|Any CPU.Build.0 = Release|Any CPU
		{B9769CAC-C23E-4400-8FBF-917BA36B4D13}.Release|x64.ActiveCfg = Release|x64
		{B9769CAC-C23E-4400-8FBF-917BA36B4D13}.Release|x64.Build.0 = Release|x64
	EndGlobalSection
	GlobalSection(SolutionProperties) = preSolution
		HideSolutionNode = FALSE
	EndGlobalSection
	GlobalSection(ExtensibilityGlobals) = postSolution
		SolutionGuid = {B250949D-5B75-41E4-9586-FA6D6086302B}
	EndGlobalSection
EndGlobal
